
Microsoft Visual Studio Solution File, Format Version 12.00
# Visual Studio Version 17
VisualStudioVersion = 17.11.35303.130
MinimumVisualStudioVersion = 10.0.40219.1
Project("{FAE04EC0-301F-11D3-BF4B-00C04F79EFBC}") = "AppLogin", "AppLogin\AppLogin.csproj", "{C74A0333-2E65-446A-9D58-10873E24F17E}"
EndProject
Global
	GlobalSection(SolutionConfigurationPlatforms) = preSolution
		Debug|Any CPU = Debug|Any CPU
		Release|Any CPU = Release|Any CPU
	EndGlobalSection
	GlobalSection(ProjectConfigurationPlatforms) = postSolution
		{C74A0333-2E65-446A-9D58-10873E24F17E}.Debug|Any CPU.ActiveCfg = Debug|Any CPU
		{C74A0333-2E65-446A-9D58-10873E24F17E}.Debug|Any CPU.Build.0 = Debug|Any CPU
		{C74A0333-2E65-446A-9D58-10873E24F17E}.Release|Any CPU.ActiveCfg = Release|Any CPU
		{C74A0333-2E65-446A-9D58-10873E24F17E}.Release|Any CPU.Build.0 = Release|Any CPU
	EndGlobalSection
	GlobalSection(SolutionProperties) = preSolution
		HideSolutionNode = FALSE
	EndGlobalSection
	GlobalSection(ExtensibilityGlobals) = postSolution
		SolutionGuid = {C0817C7A-268E-44E0-9E37-7CAC715DCFEE}
	EndGlobalSection
EndGlobal
